
Microsoft Visual Studio Solution File, Format Version 12.00
# Visual Studio Version 16
VisualStudioVersion = 16.0.29519.87
MinimumVisualStudioVersion = 10.0.40219.1
Project("{FAE04EC0-301F-11D3-BF4B-00C04F79EFBC}") = "AOC2018", "AOC2018\AOC2018.csproj", "{7ECB106B-0086-41DC-8358-EF75E23A6150}"
EndProject
Project("{FAE04EC0-301F-11D3-BF4B-00C04F79EFBC}") = "AOC2018wUI", "AOC2018wUI\AOC2018wUI.csproj", "{B76BACB4-744F-4762-84C7-21C4B758ABEC}"
EndProject
Project("{FAE04EC0-301F-11D3-BF4B-00C04F79EFBC}") = "AOC2019UI", "AOC2019UI\AOC2019UI.csproj", "{8B8181E7-823A-4ABE-AD57-EF0FDA61732C}"
EndProject
Project("{FAE04EC0-301F-11D3-BF4B-00C04F79EFBC}") = "AOC2024", "AOC2024\AOC2024.csproj", "{F6B2D1CE-2692-430D-83B5-E6D016A17DB4}"
EndProject
Global
	GlobalSection(SolutionConfigurationPlatforms) = preSolution
		Debug|Any CPU = Debug|Any CPU
		Release|Any CPU = Release|Any CPU
	EndGlobalSection
	GlobalSection(ProjectConfigurationPlatforms) = postSolution
		{7ECB106B-0086-41DC-8358-EF75E23A6150}.Debug|Any CPU.ActiveCfg = Debug|Any CPU
		{7ECB106B-0086-41DC-8358-EF75E23A6150}.Debug|Any CPU.Build.0 = Debug|Any CPU
		{7ECB106B-0086-41DC-8358-EF75E23A6150}.Release|Any CPU.ActiveCfg = Release|Any CPU
		{7ECB106B-0086-41DC-8358-EF75E23A6150}.Release|Any CPU.Build.0 = Release|Any CPU
		{B76BACB4-744F-4762-84C7-21C4B758ABEC}.Debug|Any CPU.ActiveCfg = Debug|Any CPU
		{B76BACB4-744F-4762-84C7-21C4B758ABEC}.Debug|Any CPU.Build.0 = Debug|Any CPU
		{B76BACB4-744F-4762-84C7-21C4B758ABEC}.Release|Any CPU.ActiveCfg = Release|Any CPU
		{B76BACB4-744F-4762-84C7-21C4B758ABEC}.Release|Any CPU.Build.0 = Release|Any CPU
		{8B8181E7-823A-4ABE-AD57-EF0FDA61732C}.Debug|Any CPU.ActiveCfg = Debug|Any CPU
		{8B8181E7-823A-4ABE-AD57-EF0FDA61732C}.Debug|Any CPU.Build.0 = Debug|Any CPU
		{8B8181E7-823A-4ABE-AD57-EF0FDA61732C}.Release|Any CPU.ActiveCfg = Release|Any CPU
		{8B8181E7-823A-4ABE-AD57-EF0FDA61732C}.Release|Any CPU.Build.0 = Release|Any CPU
		{F6B2D1CE-2692-430D-83B5-E6D016A17DB4}.Debug|Any CPU.ActiveCfg = Debug|Any CPU
		{F6B2D1CE-2692-430D-83B5-E6D016A17DB4}.Debug|Any CPU.Build.0 = Debug|Any CPU
		{F6B2D1CE-2692-430D-83B5-E6D016A17DB4}.Release|Any CPU.ActiveCfg = Release|Any CPU
		{F6B2D1CE-2692-430D-83B5-E6D016A17DB4}.Release|Any CPU.Build.0 = Release|Any CPU
	EndGlobalSection
	GlobalSection(SolutionProperties) = preSolution
		HideSolutionNode = FALSE
	EndGlobalSection
	GlobalSection(ExtensibilityGlobals) = postSolution
		SolutionGuid = {948CC3EB-F4BD-4F75-8BFC-96D13C74AAA3}
	EndGlobalSection
EndGlobal
