
Microsoft Visual Studio Solution File, Format Version 12.00
# Visual Studio Version 17
VisualStudioVersion = 17.5.002.0
MinimumVisualStudioVersion = 10.0.40219.1
Project("{9A19103F-16F7-4668-BE54-9A1E7A4F7556}") = "AOC2024", "AOC2024.csproj", "{77E51D2F-9520-4DC3-AD94-501B47F40004}"
EndProject
Global
	GlobalSection(SolutionConfigurationPlatforms) = preSolution
		Debug|Any CPU = Debug|Any CPU
		Release|Any CPU = Release|Any CPU
	EndGlobalSection
	GlobalSection(ProjectConfigurationPlatforms) = postSolution
		{77E51D2F-9520-4DC3-AD94-501B47F40004}.Debug|Any CPU.ActiveCfg = Debug|Any CPU
		{77E51D2F-9520-4DC3-AD94-501B47F40004}.Debug|Any CPU.Build.0 = Debug|Any CPU
		{77E51D2F-9520-4DC3-AD94-501B47F40004}.Release|Any CPU.ActiveCfg = Release|Any CPU
		{77E51D2F-9520-4DC3-AD94-501B47F40004}.Release|Any CPU.Build.0 = Release|Any CPU
	EndGlobalSection
	GlobalSection(SolutionProperties) = preSolution
		HideSolutionNode = FALSE
	EndGlobalSection
	GlobalSection(ExtensibilityGlobals) = postSolution
		SolutionGuid = {C3FD8B03-648C-40FA-B3DF-0ED2696E23A4}
	EndGlobalSection
EndGlobal
